schema: '2.0'
stages:
  data_ingestion:
    cmd: python src/data/data_ingestion.py
    deps:
    - path: src/data/data_ingestion.py
      hash: md5
      md5: 30627708d505a1ebfb1c2e22329857b1
      size: 3103
    params:
      params.yaml:
        data_ingestion.test_size: 0.2
    outs:
    - path: data/raw
      hash: md5
      md5: 6d7c9717b531961233cd66af69381384.dir
      size: 817597
      nfiles: 2
  data_preprocessing:
    cmd: python src/data/data_preprocessing.py
    deps:
    - path: data/raw
      hash: md5
      md5: 6d7c9717b531961233cd66af69381384.dir
      size: 817597
      nfiles: 2
    - path: src/data/data_preprocessing.py
      hash: md5
      md5: 1429ef857744bdb963ca539136ee6521
      size: 3531
    outs:
    - path: data/interim
      hash: md5
      md5: 17e84634b54fad2519f2748f9182d3d0.dir
      size: 562110
      nfiles: 2
  feature_engineering:
    cmd: python src/features/feature_engineering.py
    deps:
    - path: data/interim
      hash: md5
      md5: 17e84634b54fad2519f2748f9182d3d0.dir
      size: 562110
      nfiles: 2
    - path: src/features/feature_engineering.py
      hash: md5
      md5: 09725fb4175e1d14cf2f85f9e22e9c91
      size: 3439
    params:
      params.yaml:
        feature_engineering.max_features: 50
    outs:
    - path: data/processed
      hash: md5
      md5: 096bf119e004a440d694d7a85985a22e.dir
      size: 2318749
      nfiles: 2
  model_building:
    cmd: python src/model/model_building.py
    deps:
    - path: data/processed/
      hash: md5
      md5: 096bf119e004a440d694d7a85985a22e.dir
      size: 2318749
      nfiles: 2
    - path: src/model/model_building.py
      hash: md5
      md5: 5b449fdf8086fadf21595bc9673e2f2a
      size: 2970
    params:
      params.yaml:
        model_building.learning_rate: 0.1
        model_building.n_estimators: 25
    outs:
    - path: models/model.pkl
      hash: md5
      md5: 788f4acf35925e2af084716ad5d95710
      size: 36239
  model_evaluation:
    cmd: python src/model/model_evaluation.py
    deps:
    - path: models/model.pkl
      hash: md5
      md5: 788f4acf35925e2af084716ad5d95710
      size: 36239
    - path: src/model/model_evaluation.py
      hash: md5
      md5: 68ec7241a404d71a578e5d7e9eccd589
      size: 2938
    outs:
    - path: reports/metrics.json
      hash: md5
      md5: 85969365a65342b38a8dfc603e018429
      size: 140
